
Microsoft Visual Studio Solution File, Format Version 12.00
# Visual Studio Version 17
VisualStudioVersion = 17.11.35327.3
MinimumVisualStudioVersion = 10.0.40219.1
Project("{FAE04EC0-301F-11D3-BF4B-00C04F79EFBC}") = "Assignment_CodeFirstApproach", "Assignment_CodeFirstApproach.csproj", "{5F536E61-C6C8-4512-87F2-2681F8E37259}"
EndProject
Global
	GlobalSection(SolutionConfigurationPlatforms) = preSolution
		Debug|Any CPU = Debug|Any CPU
		Release|Any CPU = Release|Any CPU
	EndGlobalSection
	GlobalSection(ProjectConfigurationPlatforms) = postSolution
		{5F536E61-C6C8-4512-87F2-2681F8E37259}.Debug|Any CPU.ActiveCfg = Debug|Any CPU
		{5F536E61-C6C8-4512-87F2-2681F8E37259}.Debug|Any CPU.Build.0 = Debug|Any CPU
		{5F536E61-C6C8-4512-87F2-2681F8E37259}.Release|Any CPU.ActiveCfg = Release|Any CPU
		{5F536E61-C6C8-4512-87F2-2681F8E37259}.Release|Any CPU.Build.0 = Release|Any CPU
	EndGlobalSection
	GlobalSection(SolutionProperties) = preSolution
		HideSolutionNode = FALSE
	EndGlobalSection
	GlobalSection(ExtensibilityGlobals) = postSolution
		SolutionGuid = {DB44AA0B-297E-4807-9268-DAA33423314F}
	EndGlobalSection
EndGlobal
